
Microsoft Visual Studio Solution File, Format Version 12.00
# Visual Studio Version 17
VisualStudioVersion = 17.9.34622.214
MinimumVisualStudioVersion = 10.0.40219.1
Project("{FAE04EC0-301F-11D3-BF4B-00C04F79EFBC}") = "Lab16WpfApp2", "Lab16WpfApp2\Lab16WpfApp2.csproj", "{9CA0AFD2-C7F1-4F97-8C24-D26CD591AFBB}"
EndProject
Global
	GlobalSection(SolutionConfigurationPlatforms) = preSolution
		Debug|Any CPU = Debug|Any CPU
		Release|Any CPU = Release|Any CPU
	EndGlobalSection
	GlobalSection(ProjectConfigurationPlatforms) = postSolution
		{9CA0AFD2-C7F1-4F97-8C24-D26CD591AFBB}.Debug|Any CPU.ActiveCfg = Debug|Any CPU
		{9CA0AFD2-C7F1-4F97-8C24-D26CD591AFBB}.Debug|Any CPU.Build.0 = Debug|Any CPU
		{9CA0AFD2-C7F1-4F97-8C24-D26CD591AFBB}.Release|Any CPU.ActiveCfg = Release|Any CPU
		{9CA0AFD2-C7F1-4F97-8C24-D26CD591AFBB}.Release|Any CPU.Build.0 = Release|Any CPU
	EndGlobalSection
	GlobalSection(SolutionProperties) = preSolution
		HideSolutionNode = FALSE
	EndGlobalSection
	GlobalSection(ExtensibilityGlobals) = postSolution
		SolutionGuid = {22CB1DAC-E49A-4808-AB25-B94751BA5B4D}
	EndGlobalSection
EndGlobal
